
Microsoft Visual Studio Solution File, Format Version 12.00
# Visual Studio Version 17
VisualStudioVersion = 17.5.2.0
MinimumVisualStudioVersion = 10.0.40219.1
Project("{FAE04EC0-301F-11D3-BF4B-00C04F79EFBC}") = "education", "Backend\education.csproj", "{3823A0FC-8D13-F9B7-8BA0-5B4109FAF72F}"
EndProject
Project("{2150E333-8FDC-42A3-9474-1A3956D46DE8}") = "Backend", "Backend", "{1AE8ACA6-933B-BF2A-3671-3E2EAC007D16}"
EndProject
Project("{FAE04EC0-301F-11D3-BF4B-00C04F79EFBC}") = "Apieducation", "Backend\Apieducation\Apieducation.csproj", "{0BCA8331-A046-2A71-D6B7-14FA0DB536F3}"
EndProject
Project("{FAE04EC0-301F-11D3-BF4B-00C04F79EFBC}") = "Application", "Backend\Application\Application.csproj", "{09B42AD5-BBE1-572C-B555-FF85175AD7CA}"
EndProject
Project("{FAE04EC0-301F-11D3-BF4B-00C04F79EFBC}") = "Domain", "Backend\Domain\Domain.csproj", "{1AF93A02-C695-A740-C744-9453045209F4}"
EndProject
Project("{FAE04EC0-301F-11D3-BF4B-00C04F79EFBC}") = "Infrastructure", "Backend\Infrastructure\Infrastructure.csproj", "{BAC07D44-E017-A073-6C9A-C5B760BE66C1}"
EndProject
Global
	GlobalSection(SolutionConfigurationPlatforms) = preSolution
		Debug|Any CPU = Debug|Any CPU
		Debug|x64 = Debug|x64
		Debug|x86 = Debug|x86
		Release|Any CPU = Release|Any CPU
		Release|x64 = Release|x64
		Release|x86 = Release|x86
	EndGlobalSection
	GlobalSection(ProjectConfigurationPlatforms) = postSolution
		{3823A0FC-8D13-F9B7-8BA0-5B4109FAF72F}.Debug|Any CPU.ActiveCfg = Debug|Any CPU
		{3823A0FC-8D13-F9B7-8BA0-5B4109FAF72F}.Debug|Any CPU.Build.0 = Debug|Any CPU
		{3823A0FC-8D13-F9B7-8BA0-5B4109FAF72F}.Debug|x64.ActiveCfg = Debug|Any CPU
		{3823A0FC-8D13-F9B7-8BA0-5B4109FAF72F}.Debug|x64.Build.0 = Debug|Any CPU
		{3823A0FC-8D13-F9B7-8BA0-5B4109FAF72F}.Debug|x86.ActiveCfg = Debug|Any CPU
		{3823A0FC-8D13-F9B7-8BA0-5B4109FAF72F}.Debug|x86.Build.0 = Debug|Any CPU
		{3823A0FC-8D13-F9B7-8BA0-5B4109FAF72F}.Release|Any CPU.ActiveCfg = Release|Any CPU
		{3823A0FC-8D13-F9B7-8BA0-5B4109FAF72F}.Release|Any CPU.Build.0 = Release|Any CPU
		{3823A0FC-8D13-F9B7-8BA0-5B4109FAF72F}.Release|x64.ActiveCfg = Release|Any CPU
		{3823A0FC-8D13-F9B7-8BA0-5B4109FAF72F}.Release|x64.Build.0 = Release|Any CPU
		{3823A0FC-8D13-F9B7-8BA0-5B4109FAF72F}.Release|x86.ActiveCfg = Release|Any CPU
		{3823A0FC-8D13-F9B7-8BA0-5B4109FAF72F}.Release|x86.Build.0 = Release|Any CPU
		{0BCA8331-A046-2A71-D6B7-14FA0DB536F3}.Debug|Any CPU.ActiveCfg = Debug|Any CPU
		{0BCA8331-A046-2A71-D6B7-14FA0DB536F3}.Debug|Any CPU.Build.0 = Debug|Any CPU
		{0BCA8331-A046-2A71-D6B7-14FA0DB536F3}.Debug|x64.ActiveCfg = Debug|Any CPU
		{0BCA8331-A046-2A71-D6B7-14FA0DB536F3}.Debug|x64.Build.0 = Debug|Any CPU
		{0BCA8331-A046-2A71-D6B7-14FA0DB536F3}.Debug|x86.ActiveCfg = Debug|Any CPU
		{0BCA8331-A046-2A71-D6B7-14FA0DB536F3}.Debug|x86.Build.0 = Debug|Any CPU
		{0BCA8331-A046-2A71-D6B7-14FA0DB536F3}.Release|Any CPU.ActiveCfg = Release|Any CPU
		{0BCA8331-A046-2A71-D6B7-14FA0DB536F3}.Release|Any CPU.Build.0 = Release|Any CPU
		{0BCA8331-A046-2A71-D6B7-14FA0DB536F3}.Release|x64.ActiveCfg = Release|Any CPU
		{0BCA8331-A046-2A71-D6B7-14FA0DB536F3}.Release|x64.Build.0 = Release|Any CPU
		{0BCA8331-A046-2A71-D6B7-14FA0DB536F3}.Release|x86.ActiveCfg = Release|Any CPU
		{0BCA8331-A046-2A71-D6B7-14FA0DB536F3}.Release|x86.Build.0 = Release|Any CPU
		{09B42AD5-BBE1-572C-B555-FF85175AD7CA}.Debug|Any CPU.ActiveCfg = Debug|Any CPU
		{09B42AD5-BBE1-572C-B555-FF85175AD7CA}.Debug|Any CPU.Build.0 = Debug|Any CPU
		{09B42AD5-BBE1-572C-B555-FF85175AD7CA}.Debug|x64.ActiveCfg = Debug|Any CPU
		{09B42AD5-BBE1-572C-B555-FF85175AD7CA}.Debug|x64.Build.0 = Debug|Any CPU
		{09B42AD5-BBE1-572C-B555-FF85175AD7CA}.Debug|x86.ActiveCfg = Debug|Any CPU
		{09B42AD5-BBE1-572C-B555-FF85175AD7CA}.Debug|x86.Build.0 = Debug|Any CPU
		{09B42AD5-BBE1-572C-B555-FF85175AD7CA}.Release|Any CPU.ActiveCfg = Release|Any CPU
		{09B42AD5-BBE1-572C-B555-FF85175AD7CA}.Release|Any CPU.Build.0 = Release|Any CPU
		{09B42AD5-BBE1-572C-B555-FF85175AD7CA}.Release|x64.ActiveCfg = Release|Any CPU
		{09B42AD5-BBE1-572C-B555-FF85175AD7CA}.Release|x64.Build.0 = Release|Any CPU
		{09B42AD5-BBE1-572C-B555-FF85175AD7CA}.Release|x86.ActiveCfg = Release|Any CPU
		{09B42AD5-BBE1-572C-B555-FF85175AD7CA}.Release|x86.Build.0 = Release|Any CPU
		{1AF93A02-C695-A740-C744-9453045209F4}.Debug|Any CPU.ActiveCfg = Debug|Any CPU
		{1AF93A02-C695-A740-C744-9453045209F4}.Debug|Any CPU.Build.0 = Debug|Any CPU
		{1AF93A02-C695-A740-C744-9453045209F4}.Debug|x64.ActiveCfg = Debug|Any CPU
		{1AF93A02-C695-A740-C744-9453045209F4}.Debug|x64.Build.0 = Debug|Any CPU
		{1AF93A02-C695-A740-C744-9453045209F4}.Debug|x86.ActiveCfg = Debug|Any CPU
		{1AF93A02-C695-A740-C744-9453045209F4}.Debug|x86.Build.0 = Debug|Any CPU
		{1AF93A02-C695-A740-C744-9453045209F4}.Release|Any CPU.ActiveCfg = Release|Any CPU
		{1AF93A02-C695-A740-C744-9453045209F4}.Release|Any CPU.Build.0 = Release|Any CPU
		{1AF93A02-C695-A740-C744-9453045209F4}.Release|x64.ActiveCfg = Release|Any CPU
		{1AF93A02-C695-A740-C744-9453045209F4}.Release|x64.Build.0 = Release|Any CPU
		{1AF93A02-C695-A740-C744-9453045209F4}.Release|x86.ActiveCfg = Release|Any CPU
		{1AF93A02-C695-A740-C744-9453045209F4}.Release|x86.Build.0 = Release|Any CPU
		{BAC07D44-E017-A073-6C9A-C5B760BE66C1}.Debug|Any CPU.ActiveCfg = Debug|Any CPU
		{BAC07D44-E017-A073-6C9A-C5B760BE66C1}.Debug|Any CPU.Build.0 = Debug|Any CPU
		{BAC07D44-E017-A073-6C9A-C5B760BE66C1}.Debug|x64.ActiveCfg = Debug|Any CPU
		{BAC07D44-E017-A073-6C9A-C5B760BE66C1}.Debug|x64.Build.0 = Debug|Any CPU
		{BAC07D44-E017-A073-6C9A-C5B760BE66C1}.Debug|x86.ActiveCfg = Debug|Any CPU
		{BAC07D44-E017-A073-6C9A-C5B760BE66C1}.Debug|x86.Build.0 = Debug|Any CPU
		{BAC07D44-E017-A073-6C9A-C5B760BE66C1}.Release|Any CPU.ActiveCfg = Release|Any CPU
		{BAC07D44-E017-A073-6C9A-C5B760BE66C1}.Release|Any CPU.Build.0 = Release|Any CPU
		{BAC07D44-E017-A073-6C9A-C5B760BE66C1}.Release|x64.ActiveCfg = Release|Any CPU
		{BAC07D44-E017-A073-6C9A-C5B760BE66C1}.Release|x64.Build.0 = Release|Any CPU
		{BAC07D44-E017-A073-6C9A-C5B760BE66C1}.Release|x86.ActiveCfg = Release|Any CPU
		{BAC07D44-E017-A073-6C9A-C5B760BE66C1}.Release|x86.Build.0 = Release|Any CPU
	EndGlobalSection
	GlobalSection(SolutionProperties) = preSolution
		HideSolutionNode = FALSE
	EndGlobalSection
	GlobalSection(NestedProjects) = preSolution
		{0BCA8331-A046-2A71-D6B7-14FA0DB536F3} = {1AE8ACA6-933B-BF2A-3671-3E2EAC007D16}
		{09B42AD5-BBE1-572C-B555-FF85175AD7CA} = {1AE8ACA6-933B-BF2A-3671-3E2EAC007D16}
		{1AF93A02-C695-A740-C744-9453045209F4} = {1AE8ACA6-933B-BF2A-3671-3E2EAC007D16}
		{BAC07D44-E017-A073-6C9A-C5B760BE66C1} = {1AE8ACA6-933B-BF2A-3671-3E2EAC007D16}
	EndGlobalSection
	GlobalSection(ExtensibilityGlobals) = postSolution
		SolutionGuid = {106D9C8B-5D90-4585-BB9B-62C4F42DDCBF}
	EndGlobalSection
EndGlobal
